
Microsoft Visual Studio Solution File, Format Version 12.00
# Visual Studio Version 16
VisualStudioVersion = 16.0.29911.84
MinimumVisualStudioVersion = 10.0.40219.1
Project("{FAE04EC0-301F-11D3-BF4B-00C04F79EFBC}") = "ValidPerfectSquare_367", "ValidPerfectSquare_367\ValidPerfectSquare_367.csproj", "{F3F734C6-4388-480B-B6A9-96C977365FBA}"
EndProject
Global
	GlobalSection(SolutionConfigurationPlatforms) = preSolution
		Debug|Any CPU = Debug|Any CPU
		Release|Any CPU = Release|Any CPU
	EndGlobalSection
	GlobalSection(ProjectConfigurationPlatforms) = postSolution
		{F3F734C6-4388-480B-B6A9-96C977365FBA}.Debug|Any CPU.ActiveCfg = Debug|Any CPU
		{F3F734C6-4388-480B-B6A9-96C977365FBA}.Debug|Any CPU.Build.0 = Debug|Any CPU
		{F3F734C6-4388-480B-B6A9-96C977365FBA}.Release|Any CPU.ActiveCfg = Release|Any CPU
		{F3F734C6-4388-480B-B6A9-96C977365FBA}.Release|Any CPU.Build.0 = Release|Any CPU
	EndGlobalSection
	GlobalSection(SolutionProperties) = preSolution
		HideSolutionNode = FALSE
	EndGlobalSection
	GlobalSection(ExtensibilityGlobals) = postSolution
		SolutionGuid = {8A355C6C-3CD9-4623-B3D0-5DCDC1371610}
	EndGlobalSection
EndGlobal
