
Microsoft Visual Studio Solution File, Format Version 12.00
# Visual Studio Version 16
VisualStudioVersion = 16.0.29911.84
MinimumVisualStudioVersion = 10.0.40219.1
Project("{FAE04EC0-301F-11D3-BF4B-00C04F79EFBC}") = "BinarySearchAlgorithm", "BinarySearchAlgorithm\BinarySearchAlgorithm.csproj", "{861E275C-0ADA-44E8-A4F3-0F2B020933E3}"
EndProject
Global
	GlobalSection(SolutionConfigurationPlatforms) = preSolution
		Debug|Any CPU = Debug|Any CPU
		Release|Any CPU = Release|Any CPU
	EndGlobalSection
	GlobalSection(ProjectConfigurationPlatforms) = postSolution
		{861E275C-0ADA-44E8-A4F3-0F2B020933E3}.Debug|Any CPU.ActiveCfg = Debug|Any CPU
		{861E275C-0ADA-44E8-A4F3-0F2B020933E3}.Debug|Any CPU.Build.0 = Debug|Any CPU
		{861E275C-0ADA-44E8-A4F3-0F2B020933E3}.Release|Any CPU.ActiveCfg = Release|Any CPU
		{861E275C-0ADA-44E8-A4F3-0F2B020933E3}.Release|Any CPU.Build.0 = Release|Any CPU
	EndGlobalSection
	GlobalSection(SolutionProperties) = preSolution
		HideSolutionNode = FALSE
	EndGlobalSection
	GlobalSection(ExtensibilityGlobals) = postSolution
		SolutionGuid = {C000D391-FED1-4B95-8743-27B2BD6163CC}
	EndGlobalSection
EndGlobal
