
Microsoft Visual Studio Solution File, Format Version 12.00
# Visual Studio Version 16
VisualStudioVersion = 16.0.29911.84
MinimumVisualStudioVersion = 10.0.40219.1
Project("{FAE04EC0-301F-11D3-BF4B-00C04F79EFBC}") = "LongestCommonPrefix", "LongestCommonPrefix\LongestCommonPrefix.csproj", "{13798F6F-1D60-4883-AA8A-14C02EC6C692}"
EndProject
Global
	GlobalSection(SolutionConfigurationPlatforms) = preSolution
		Debug|Any CPU = Debug|Any CPU
		Release|Any CPU = Release|Any CPU
	EndGlobalSection
	GlobalSection(ProjectConfigurationPlatforms) = postSolution
		{13798F6F-1D60-4883-AA8A-14C02EC6C692}.Debug|Any CPU.ActiveCfg = Debug|Any CPU
		{13798F6F-1D60-4883-AA8A-14C02EC6C692}.Debug|Any CPU.Build.0 = Debug|Any CPU
		{13798F6F-1D60-4883-AA8A-14C02EC6C692}.Release|Any CPU.ActiveCfg = Release|Any CPU
		{13798F6F-1D60-4883-AA8A-14C02EC6C692}.Release|Any CPU.Build.0 = Release|Any CPU
	EndGlobalSection
	GlobalSection(SolutionProperties) = preSolution
		HideSolutionNode = FALSE
	EndGlobalSection
	GlobalSection(ExtensibilityGlobals) = postSolution
		SolutionGuid = {D7F1A532-124A-4964-B394-163E6696EF4A}
	EndGlobalSection
EndGlobal
