
Microsoft Visual Studio Solution File, Format Version 12.00
# Visual Studio Version 16
VisualStudioVersion = 16.0.29911.84
MinimumVisualStudioVersion = 10.0.40219.1
Project("{FAE04EC0-301F-11D3-BF4B-00C04F79EFBC}") = "HeightBalancedTree", "HeightBalancedTree\HeightBalancedTree.csproj", "{B3790274-61DA-4D4F-A877-C38FE3C2E3A0}"
EndProject
Global
	GlobalSection(SolutionConfigurationPlatforms) = preSolution
		Debug|Any CPU = Debug|Any CPU
		Release|Any CPU = Release|Any CPU
	EndGlobalSection
	GlobalSection(ProjectConfigurationPlatforms) = postSolution
		{B3790274-61DA-4D4F-A877-C38FE3C2E3A0}.Debug|Any CPU.ActiveCfg = Debug|Any CPU
		{B3790274-61DA-4D4F-A877-C38FE3C2E3A0}.Debug|Any CPU.Build.0 = Debug|Any CPU
		{B3790274-61DA-4D4F-A877-C38FE3C2E3A0}.Release|Any CPU.ActiveCfg = Release|Any CPU
		{B3790274-61DA-4D4F-A877-C38FE3C2E3A0}.Release|Any CPU.Build.0 = Release|Any CPU
	EndGlobalSection
	GlobalSection(SolutionProperties) = preSolution
		HideSolutionNode = FALSE
	EndGlobalSection
	GlobalSection(ExtensibilityGlobals) = postSolution
		SolutionGuid = {A1796530-9CE5-4CE6-A9C0-511CA0B28D86}
	EndGlobalSection
EndGlobal
