
Microsoft Visual Studio Solution File, Format Version 12.00
# Visual Studio Version 16
VisualStudioVersion = 16.0.29911.84
MinimumVisualStudioVersion = 10.0.40219.1
Project("{FAE04EC0-301F-11D3-BF4B-00C04F79EFBC}") = "CountPrimes_204", "CountPrimes_204\CountPrimes_204.csproj", "{A037B319-0D41-4B73-A11B-D543303B070A}"
EndProject
Global
	GlobalSection(SolutionConfigurationPlatforms) = preSolution
		Debug|Any CPU = Debug|Any CPU
		Release|Any CPU = Release|Any CPU
	EndGlobalSection
	GlobalSection(ProjectConfigurationPlatforms) = postSolution
		{A037B319-0D41-4B73-A11B-D543303B070A}.Debug|Any CPU.ActiveCfg = Debug|Any CPU
		{A037B319-0D41-4B73-A11B-D543303B070A}.Debug|Any CPU.Build.0 = Debug|Any CPU
		{A037B319-0D41-4B73-A11B-D543303B070A}.Release|Any CPU.ActiveCfg = Release|Any CPU
		{A037B319-0D41-4B73-A11B-D543303B070A}.Release|Any CPU.Build.0 = Release|Any CPU
	EndGlobalSection
	GlobalSection(SolutionProperties) = preSolution
		HideSolutionNode = FALSE
	EndGlobalSection
	GlobalSection(ExtensibilityGlobals) = postSolution
		SolutionGuid = {D4A8C8F8-7576-40C2-A44C-1272877683C7}
	EndGlobalSection
EndGlobal
