
Microsoft Visual Studio Solution File, Format Version 12.00
# Visual Studio Version 16
VisualStudioVersion = 16.0.29911.84
MinimumVisualStudioVersion = 10.0.40219.1
Project("{FAE04EC0-301F-11D3-BF4B-00C04F79EFBC}") = "MinimumMovesToEqualArrayElements_453", "MinimumMovesToEqualArrayElements_453\MinimumMovesToEqualArrayElements_453.csproj", "{4ED65E76-85FE-48D8-81D1-577F3ED29D02}"
EndProject
Global
	GlobalSection(SolutionConfigurationPlatforms) = preSolution
		Debug|Any CPU = Debug|Any CPU
		Release|Any CPU = Release|Any CPU
	EndGlobalSection
	GlobalSection(ProjectConfigurationPlatforms) = postSolution
		{4ED65E76-85FE-48D8-81D1-577F3ED29D02}.Debug|Any CPU.ActiveCfg = Debug|Any CPU
		{4ED65E76-85FE-48D8-81D1-577F3ED29D02}.Debug|Any CPU.Build.0 = Debug|Any CPU
		{4ED65E76-85FE-48D8-81D1-577F3ED29D02}.Release|Any CPU.ActiveCfg = Release|Any CPU
		{4ED65E76-85FE-48D8-81D1-577F3ED29D02}.Release|Any CPU.Build.0 = Release|Any CPU
	EndGlobalSection
	GlobalSection(SolutionProperties) = preSolution
		HideSolutionNode = FALSE
	EndGlobalSection
	GlobalSection(ExtensibilityGlobals) = postSolution
		SolutionGuid = {65100A7C-2BDF-4FD7-A477-3BA7DC72A8E5}
	EndGlobalSection
EndGlobal
