
Microsoft Visual Studio Solution File, Format Version 12.00
# Visual Studio Version 16
VisualStudioVersion = 16.0.29911.84
MinimumVisualStudioVersion = 10.0.40219.1
Project("{FAE04EC0-301F-11D3-BF4B-00C04F79EFBC}") = "ConsoleApp1", "ConsoleApp1\ConsoleApp1.csproj", "{33DA6313-B1E4-4914-AE13-3BB063EEC7B8}"
EndProject
Global
	GlobalSection(SolutionConfigurationPlatforms) = preSolution
		Debug|Any CPU = Debug|Any CPU
		Release|Any CPU = Release|Any CPU
	EndGlobalSection
	GlobalSection(ProjectConfigurationPlatforms) = postSolution
		{33DA6313-B1E4-4914-AE13-3BB063EEC7B8}.Debug|Any CPU.ActiveCfg = Debug|Any CPU
		{33DA6313-B1E4-4914-AE13-3BB063EEC7B8}.Debug|Any CPU.Build.0 = Debug|Any CPU
		{33DA6313-B1E4-4914-AE13-3BB063EEC7B8}.Release|Any CPU.ActiveCfg = Release|Any CPU
		{33DA6313-B1E4-4914-AE13-3BB063EEC7B8}.Release|Any CPU.Build.0 = Release|Any CPU
	EndGlobalSection
	GlobalSection(SolutionProperties) = preSolution
		HideSolutionNode = FALSE
	EndGlobalSection
	GlobalSection(ExtensibilityGlobals) = postSolution
		SolutionGuid = {57942269-B144-4B17-B79C-DCBA29C2D9C0}
	EndGlobalSection
EndGlobal
