
Microsoft Visual Studio Solution File, Format Version 12.00
# Visual Studio Version 16
VisualStudioVersion = 16.0.29911.84
MinimumVisualStudioVersion = 10.0.40219.1
Project("{FAE04EC0-301F-11D3-BF4B-00C04F79EFBC}") = "IntersectionOfTwoArrays_349", "IntersectionOfTwoArrays_349\IntersectionOfTwoArrays_349.csproj", "{7C0A53A3-04BD-44E1-ABB7-DED3F14502D1}"
EndProject
Global
	GlobalSection(SolutionConfigurationPlatforms) = preSolution
		Debug|Any CPU = Debug|Any CPU
		Release|Any CPU = Release|Any CPU
	EndGlobalSection
	GlobalSection(ProjectConfigurationPlatforms) = postSolution
		{7C0A53A3-04BD-44E1-ABB7-DED3F14502D1}.Debug|Any CPU.ActiveCfg = Debug|Any CPU
		{7C0A53A3-04BD-44E1-ABB7-DED3F14502D1}.Debug|Any CPU.Build.0 = Debug|Any CPU
		{7C0A53A3-04BD-44E1-ABB7-DED3F14502D1}.Release|Any CPU.ActiveCfg = Release|Any CPU
		{7C0A53A3-04BD-44E1-ABB7-DED3F14502D1}.Release|Any CPU.Build.0 = Release|Any CPU
	EndGlobalSection
	GlobalSection(SolutionProperties) = preSolution
		HideSolutionNode = FALSE
	EndGlobalSection
	GlobalSection(ExtensibilityGlobals) = postSolution
		SolutionGuid = {7592AC15-5B92-4F28-BB60-9DEEAB8B7C52}
	EndGlobalSection
EndGlobal
