
Microsoft Visual Studio Solution File, Format Version 12.00
# Visual Studio Version 16
VisualStudioVersion = 16.0.29911.84
MinimumVisualStudioVersion = 10.0.40219.1
Project("{FAE04EC0-301F-11D3-BF4B-00C04F79EFBC}") = "TwoSumInputArrayIsSorted_167", "TwoSumInputArrayIsSorted_167\TwoSumInputArrayIsSorted_167.csproj", "{284FF5EB-C4ED-443F-9BDC-157FA5D45F21}"
EndProject
Global
	GlobalSection(SolutionConfigurationPlatforms) = preSolution
		Debug|Any CPU = Debug|Any CPU
		Release|Any CPU = Release|Any CPU
	EndGlobalSection
	GlobalSection(ProjectConfigurationPlatforms) = postSolution
		{284FF5EB-C4ED-443F-9BDC-157FA5D45F21}.Debug|Any CPU.ActiveCfg = Debug|Any CPU
		{284FF5EB-C4ED-443F-9BDC-157FA5D45F21}.Debug|Any CPU.Build.0 = Debug|Any CPU
		{284FF5EB-C4ED-443F-9BDC-157FA5D45F21}.Release|Any CPU.ActiveCfg = Release|Any CPU
		{284FF5EB-C4ED-443F-9BDC-157FA5D45F21}.Release|Any CPU.Build.0 = Release|Any CPU
	EndGlobalSection
	GlobalSection(SolutionProperties) = preSolution
		HideSolutionNode = FALSE
	EndGlobalSection
	GlobalSection(ExtensibilityGlobals) = postSolution
		SolutionGuid = {CF1FBD68-9EBC-4F7E-8704-AF5A9D0ED4AE}
	EndGlobalSection
EndGlobal
