
Microsoft Visual Studio Solution File, Format Version 12.00
# Visual Studio Version 16
VisualStudioVersion = 16.0.29911.84
MinimumVisualStudioVersion = 10.0.40219.1
Project("{FAE04EC0-301F-11D3-BF4B-00C04F79EFBC}") = "FactorialTrailingZeroes_172", "FactorialTrailingZeroes_172\FactorialTrailingZeroes_172.csproj", "{43A83049-6B98-48EA-A8E7-61932FADB1E6}"
EndProject
Global
	GlobalSection(SolutionConfigurationPlatforms) = preSolution
		Debug|Any CPU = Debug|Any CPU
		Release|Any CPU = Release|Any CPU
	EndGlobalSection
	GlobalSection(ProjectConfigurationPlatforms) = postSolution
		{43A83049-6B98-48EA-A8E7-61932FADB1E6}.Debug|Any CPU.ActiveCfg = Debug|Any CPU
		{43A83049-6B98-48EA-A8E7-61932FADB1E6}.Debug|Any CPU.Build.0 = Debug|Any CPU
		{43A83049-6B98-48EA-A8E7-61932FADB1E6}.Release|Any CPU.ActiveCfg = Release|Any CPU
		{43A83049-6B98-48EA-A8E7-61932FADB1E6}.Release|Any CPU.Build.0 = Release|Any CPU
	EndGlobalSection
	GlobalSection(SolutionProperties) = preSolution
		HideSolutionNode = FALSE
	EndGlobalSection
	GlobalSection(ExtensibilityGlobals) = postSolution
		SolutionGuid = {5763B5FC-6CB8-49CA-8AE1-451D45BFCD53}
	EndGlobalSection
EndGlobal
