
Microsoft Visual Studio Solution File, Format Version 12.00
# Visual Studio Version 16
VisualStudioVersion = 16.0.29911.84
MinimumVisualStudioVersion = 10.0.40219.1
Project("{FAE04EC0-301F-11D3-BF4B-00C04F79EFBC}") = "LongestPeak", "LongestPeak\LongestPeak.csproj", "{C4EC9745-13E5-4250-AE25-ECC6603DBEC2}"
EndProject
Global
	GlobalSection(SolutionConfigurationPlatforms) = preSolution
		Debug|Any CPU = Debug|Any CPU
		Release|Any CPU = Release|Any CPU
	EndGlobalSection
	GlobalSection(ProjectConfigurationPlatforms) = postSolution
		{C4EC9745-13E5-4250-AE25-ECC6603DBEC2}.Debug|Any CPU.ActiveCfg = Debug|Any CPU
		{C4EC9745-13E5-4250-AE25-ECC6603DBEC2}.Debug|Any CPU.Build.0 = Debug|Any CPU
		{C4EC9745-13E5-4250-AE25-ECC6603DBEC2}.Release|Any CPU.ActiveCfg = Release|Any CPU
		{C4EC9745-13E5-4250-AE25-ECC6603DBEC2}.Release|Any CPU.Build.0 = Release|Any CPU
	EndGlobalSection
	GlobalSection(SolutionProperties) = preSolution
		HideSolutionNode = FALSE
	EndGlobalSection
	GlobalSection(ExtensibilityGlobals) = postSolution
		SolutionGuid = {3C7E7552-40DD-4AF1-B405-66CE6A46DF6C}
	EndGlobalSection
EndGlobal
