
Microsoft Visual Studio Solution File, Format Version 12.00
# Visual Studio Version 16
VisualStudioVersion = 16.0.29911.84
MinimumVisualStudioVersion = 10.0.40219.1
Project("{FAE04EC0-301F-11D3-BF4B-00C04F79EFBC}") = "ContainsDuplicate", "ContainsDuplicate\ContainsDuplicate.csproj", "{9DBC80BE-02C1-4BF8-9212-ABF204A45AE4}"
EndProject
Global
	GlobalSection(SolutionConfigurationPlatforms) = preSolution
		Debug|Any CPU = Debug|Any CPU
		Release|Any CPU = Release|Any CPU
	EndGlobalSection
	GlobalSection(ProjectConfigurationPlatforms) = postSolution
		{9DBC80BE-02C1-4BF8-9212-ABF204A45AE4}.Debug|Any CPU.ActiveCfg = Debug|Any CPU
		{9DBC80BE-02C1-4BF8-9212-ABF204A45AE4}.Debug|Any CPU.Build.0 = Debug|Any CPU
		{9DBC80BE-02C1-4BF8-9212-ABF204A45AE4}.Release|Any CPU.ActiveCfg = Release|Any CPU
		{9DBC80BE-02C1-4BF8-9212-ABF204A45AE4}.Release|Any CPU.Build.0 = Release|Any CPU
	EndGlobalSection
	GlobalSection(SolutionProperties) = preSolution
		HideSolutionNode = FALSE
	EndGlobalSection
	GlobalSection(ExtensibilityGlobals) = postSolution
		SolutionGuid = {5858C5D4-AD9C-4826-868E-28AD1DFDC898}
	EndGlobalSection
EndGlobal
