
Microsoft Visual Studio Solution File, Format Version 12.00
# Visual Studio Version 16
VisualStudioVersion = 16.0.29911.84
MinimumVisualStudioVersion = 10.0.40219.1
Project("{FAE04EC0-301F-11D3-BF4B-00C04F79EFBC}") = "InsertionSort", "InsertionSort\InsertionSort.csproj", "{F24303FD-A6B2-4051-8718-EF1D6574C318}"
EndProject
Global
	GlobalSection(SolutionConfigurationPlatforms) = preSolution
		Debug|Any CPU = Debug|Any CPU
		Release|Any CPU = Release|Any CPU
	EndGlobalSection
	GlobalSection(ProjectConfigurationPlatforms) = postSolution
		{F24303FD-A6B2-4051-8718-EF1D6574C318}.Debug|Any CPU.ActiveCfg = Debug|Any CPU
		{F24303FD-A6B2-4051-8718-EF1D6574C318}.Debug|Any CPU.Build.0 = Debug|Any CPU
		{F24303FD-A6B2-4051-8718-EF1D6574C318}.Release|Any CPU.ActiveCfg = Release|Any CPU
		{F24303FD-A6B2-4051-8718-EF1D6574C318}.Release|Any CPU.Build.0 = Release|Any CPU
	EndGlobalSection
	GlobalSection(SolutionProperties) = preSolution
		HideSolutionNode = FALSE
	EndGlobalSection
	GlobalSection(ExtensibilityGlobals) = postSolution
		SolutionGuid = {9118AFAC-0AA2-49B2-97DE-23B5219DF885}
	EndGlobalSection
EndGlobal
