
Microsoft Visual Studio Solution File, Format Version 12.00
# Visual Studio Version 16
VisualStudioVersion = 16.0.29911.84
MinimumVisualStudioVersion = 10.0.40219.1
Project("{FAE04EC0-301F-11D3-BF4B-00C04F79EFBC}") = "FindKthLargestValueInBST", "FindKthLargestValueInBST\FindKthLargestValueInBST.csproj", "{64A6CBAF-A34E-4B47-95DA-9098BBF343B3}"
EndProject
Global
	GlobalSection(SolutionConfigurationPlatforms) = preSolution
		Debug|Any CPU = Debug|Any CPU
		Release|Any CPU = Release|Any CPU
	EndGlobalSection
	GlobalSection(ProjectConfigurationPlatforms) = postSolution
		{64A6CBAF-A34E-4B47-95DA-9098BBF343B3}.Debug|Any CPU.ActiveCfg = Debug|Any CPU
		{64A6CBAF-A34E-4B47-95DA-9098BBF343B3}.Debug|Any CPU.Build.0 = Debug|Any CPU
		{64A6CBAF-A34E-4B47-95DA-9098BBF343B3}.Release|Any CPU.ActiveCfg = Release|Any CPU
		{64A6CBAF-A34E-4B47-95DA-9098BBF343B3}.Release|Any CPU.Build.0 = Release|Any CPU
	EndGlobalSection
	GlobalSection(SolutionProperties) = preSolution
		HideSolutionNode = FALSE
	EndGlobalSection
	GlobalSection(ExtensibilityGlobals) = postSolution
		SolutionGuid = {F4F2B923-E064-4353-A281-2B769B959624}
	EndGlobalSection
EndGlobal
