
Microsoft Visual Studio Solution File, Format Version 12.00
# Visual Studio Version 16
VisualStudioVersion = 16.0.29911.84
MinimumVisualStudioVersion = 10.0.40219.1
Project("{FAE04EC0-301F-11D3-BF4B-00C04F79EFBC}") = "AddDigits_258", "AddDigits_258\AddDigits_258.csproj", "{D3237CE5-9D21-407E-8912-30AA9D0FDE7F}"
EndProject
Global
	GlobalSection(SolutionConfigurationPlatforms) = preSolution
		Debug|Any CPU = Debug|Any CPU
		Release|Any CPU = Release|Any CPU
	EndGlobalSection
	GlobalSection(ProjectConfigurationPlatforms) = postSolution
		{D3237CE5-9D21-407E-8912-30AA9D0FDE7F}.Debug|Any CPU.ActiveCfg = Debug|Any CPU
		{D3237CE5-9D21-407E-8912-30AA9D0FDE7F}.Debug|Any CPU.Build.0 = Debug|Any CPU
		{D3237CE5-9D21-407E-8912-30AA9D0FDE7F}.Release|Any CPU.ActiveCfg = Release|Any CPU
		{D3237CE5-9D21-407E-8912-30AA9D0FDE7F}.Release|Any CPU.Build.0 = Release|Any CPU
	EndGlobalSection
	GlobalSection(SolutionProperties) = preSolution
		HideSolutionNode = FALSE
	EndGlobalSection
	GlobalSection(ExtensibilityGlobals) = postSolution
		SolutionGuid = {654188BE-AD5A-459F-A497-7426E1C10F6B}
	EndGlobalSection
EndGlobal
