
Microsoft Visual Studio Solution File, Format Version 12.00
# Visual Studio Version 16
VisualStudioVersion = 16.0.29911.84
MinimumVisualStudioVersion = 10.0.40219.1
Project("{FAE04EC0-301F-11D3-BF4B-00C04F79EFBC}") = "RomanToInteger", "RomanToInteger\RomanToInteger.csproj", "{93101AC8-B215-49EF-8A02-C88FAA635DEF}"
EndProject
Global
	GlobalSection(SolutionConfigurationPlatforms) = preSolution
		Debug|Any CPU = Debug|Any CPU
		Release|Any CPU = Release|Any CPU
	EndGlobalSection
	GlobalSection(ProjectConfigurationPlatforms) = postSolution
		{93101AC8-B215-49EF-8A02-C88FAA635DEF}.Debug|Any CPU.ActiveCfg = Debug|Any CPU
		{93101AC8-B215-49EF-8A02-C88FAA635DEF}.Debug|Any CPU.Build.0 = Debug|Any CPU
		{93101AC8-B215-49EF-8A02-C88FAA635DEF}.Release|Any CPU.ActiveCfg = Release|Any CPU
		{93101AC8-B215-49EF-8A02-C88FAA635DEF}.Release|Any CPU.Build.0 = Release|Any CPU
	EndGlobalSection
	GlobalSection(SolutionProperties) = preSolution
		HideSolutionNode = FALSE
	EndGlobalSection
	GlobalSection(ExtensibilityGlobals) = postSolution
		SolutionGuid = {2B0A0078-14A3-4D1A-AE54-127E4B432D08}
	EndGlobalSection
EndGlobal
