
Microsoft Visual Studio Solution File, Format Version 12.00
# Visual Studio Version 16
VisualStudioVersion = 16.0.29911.84
MinimumVisualStudioVersion = 10.0.40219.1
Project("{FAE04EC0-301F-11D3-BF4B-00C04F79EFBC}") = "ImplementSrtStr_28", "ImplementSrtStr_28\ImplementSrtStr_28.csproj", "{DBAD2F29-F0A3-45A7-AC01-5CBDA25884E1}"
EndProject
Global
	GlobalSection(SolutionConfigurationPlatforms) = preSolution
		Debug|Any CPU = Debug|Any CPU
		Release|Any CPU = Release|Any CPU
	EndGlobalSection
	GlobalSection(ProjectConfigurationPlatforms) = postSolution
		{DBAD2F29-F0A3-45A7-AC01-5CBDA25884E1}.Debug|Any CPU.ActiveCfg = Debug|Any CPU
		{DBAD2F29-F0A3-45A7-AC01-5CBDA25884E1}.Debug|Any CPU.Build.0 = Debug|Any CPU
		{DBAD2F29-F0A3-45A7-AC01-5CBDA25884E1}.Release|Any CPU.ActiveCfg = Release|Any CPU
		{DBAD2F29-F0A3-45A7-AC01-5CBDA25884E1}.Release|Any CPU.Build.0 = Release|Any CPU
	EndGlobalSection
	GlobalSection(SolutionProperties) = preSolution
		HideSolutionNode = FALSE
	EndGlobalSection
	GlobalSection(ExtensibilityGlobals) = postSolution
		SolutionGuid = {6401406D-D8F1-4D9E-9B29-890ED5437499}
	EndGlobalSection
EndGlobal
