
Microsoft Visual Studio Solution File, Format Version 12.00
# Visual Studio Version 16
VisualStudioVersion = 16.0.29911.84
MinimumVisualStudioVersion = 10.0.40219.1
Project("{FAE04EC0-301F-11D3-BF4B-00C04F79EFBC}") = "BSTTraversal", "BSTTraversal\BSTTraversal.csproj", "{DA462802-14F1-411A-81CC-719A82DB404B}"
EndProject
Global
	GlobalSection(SolutionConfigurationPlatforms) = preSolution
		Debug|Any CPU = Debug|Any CPU
		Release|Any CPU = Release|Any CPU
	EndGlobalSection
	GlobalSection(ProjectConfigurationPlatforms) = postSolution
		{DA462802-14F1-411A-81CC-719A82DB404B}.Debug|Any CPU.ActiveCfg = Debug|Any CPU
		{DA462802-14F1-411A-81CC-719A82DB404B}.Debug|Any CPU.Build.0 = Debug|Any CPU
		{DA462802-14F1-411A-81CC-719A82DB404B}.Release|Any CPU.ActiveCfg = Release|Any CPU
		{DA462802-14F1-411A-81CC-719A82DB404B}.Release|Any CPU.Build.0 = Release|Any CPU
	EndGlobalSection
	GlobalSection(SolutionProperties) = preSolution
		HideSolutionNode = FALSE
	EndGlobalSection
	GlobalSection(ExtensibilityGlobals) = postSolution
		SolutionGuid = {937EBBE3-030B-48FF-9F01-DFBD0EC4F001}
	EndGlobalSection
EndGlobal
