
Microsoft Visual Studio Solution File, Format Version 12.00
# Visual Studio Version 16
VisualStudioVersion = 16.0.29911.84
MinimumVisualStudioVersion = 10.0.40219.1
Project("{FAE04EC0-301F-11D3-BF4B-00C04F79EFBC}") = "LengthOfLastWord", "LengthOfLastWord\LengthOfLastWord.csproj", "{1CEA9349-C29B-4E2E-A9EB-9883A41C0100}"
EndProject
Global
	GlobalSection(SolutionConfigurationPlatforms) = preSolution
		Debug|Any CPU = Debug|Any CPU
		Release|Any CPU = Release|Any CPU
	EndGlobalSection
	GlobalSection(ProjectConfigurationPlatforms) = postSolution
		{1CEA9349-C29B-4E2E-A9EB-9883A41C0100}.Debug|Any CPU.ActiveCfg = Debug|Any CPU
		{1CEA9349-C29B-4E2E-A9EB-9883A41C0100}.Debug|Any CPU.Build.0 = Debug|Any CPU
		{1CEA9349-C29B-4E2E-A9EB-9883A41C0100}.Release|Any CPU.ActiveCfg = Release|Any CPU
		{1CEA9349-C29B-4E2E-A9EB-9883A41C0100}.Release|Any CPU.Build.0 = Release|Any CPU
	EndGlobalSection
	GlobalSection(SolutionProperties) = preSolution
		HideSolutionNode = FALSE
	EndGlobalSection
	GlobalSection(ExtensibilityGlobals) = postSolution
		SolutionGuid = {4ECD0492-E26F-4650-B12D-82D088B62FF1}
	EndGlobalSection
EndGlobal
