
Microsoft Visual Studio Solution File, Format Version 12.00
# Visual Studio Version 16
VisualStudioVersion = 16.0.29911.84
MinimumVisualStudioVersion = 10.0.40219.1
Project("{FAE04EC0-301F-11D3-BF4B-00C04F79EFBC}") = "FindTheDifference_389", "FindTheDifference_389\FindTheDifference_389.csproj", "{BB799D85-C641-48C5-B370-105EA9809911}"
EndProject
Global
	GlobalSection(SolutionConfigurationPlatforms) = preSolution
		Debug|Any CPU = Debug|Any CPU
		Release|Any CPU = Release|Any CPU
	EndGlobalSection
	GlobalSection(ProjectConfigurationPlatforms) = postSolution
		{BB799D85-C641-48C5-B370-105EA9809911}.Debug|Any CPU.ActiveCfg = Debug|Any CPU
		{BB799D85-C641-48C5-B370-105EA9809911}.Debug|Any CPU.Build.0 = Debug|Any CPU
		{BB799D85-C641-48C5-B370-105EA9809911}.Release|Any CPU.ActiveCfg = Release|Any CPU
		{BB799D85-C641-48C5-B370-105EA9809911}.Release|Any CPU.Build.0 = Release|Any CPU
	EndGlobalSection
	GlobalSection(SolutionProperties) = preSolution
		HideSolutionNode = FALSE
	EndGlobalSection
	GlobalSection(ExtensibilityGlobals) = postSolution
		SolutionGuid = {EDEDCED3-DBE2-4FE7-8413-BD4C6397FEFA}
	EndGlobalSection
EndGlobal
