
Microsoft Visual Studio Solution File, Format Version 12.00
# Visual Studio Version 16
VisualStudioVersion = 16.0.29911.84
MinimumVisualStudioVersion = 10.0.40219.1
Project("{FAE04EC0-301F-11D3-BF4B-00C04F79EFBC}") = "FirstUniqueCharacterIsAString_387", "FirstUniqueCharacterIsAString_387\FirstUniqueCharacterIsAString_387.csproj", "{BBA8D34A-0DD3-4E6C-BB1F-6A89F488906D}"
EndProject
Global
	GlobalSection(SolutionConfigurationPlatforms) = preSolution
		Debug|Any CPU = Debug|Any CPU
		Release|Any CPU = Release|Any CPU
	EndGlobalSection
	GlobalSection(ProjectConfigurationPlatforms) = postSolution
		{BBA8D34A-0DD3-4E6C-BB1F-6A89F488906D}.Debug|Any CPU.ActiveCfg = Debug|Any CPU
		{BBA8D34A-0DD3-4E6C-BB1F-6A89F488906D}.Debug|Any CPU.Build.0 = Debug|Any CPU
		{BBA8D34A-0DD3-4E6C-BB1F-6A89F488906D}.Release|Any CPU.ActiveCfg = Release|Any CPU
		{BBA8D34A-0DD3-4E6C-BB1F-6A89F488906D}.Release|Any CPU.Build.0 = Release|Any CPU
	EndGlobalSection
	GlobalSection(SolutionProperties) = preSolution
		HideSolutionNode = FALSE
	EndGlobalSection
	GlobalSection(ExtensibilityGlobals) = postSolution
		SolutionGuid = {A2828E7A-692D-4790-B528-E97B3B0B8834}
	EndGlobalSection
EndGlobal
