
Microsoft Visual Studio Solution File, Format Version 12.00
# Visual Studio Version 16
VisualStudioVersion = 16.0.29911.84
MinimumVisualStudioVersion = 10.0.40219.1
Project("{FAE04EC0-301F-11D3-BF4B-00C04F79EFBC}") = "MissingNumber_268", "MissingNumber_268\MissingNumber_268.csproj", "{5668CF39-88D1-410D-BAA2-C662ECAE60EF}"
EndProject
Global
	GlobalSection(SolutionConfigurationPlatforms) = preSolution
		Debug|Any CPU = Debug|Any CPU
		Release|Any CPU = Release|Any CPU
	EndGlobalSection
	GlobalSection(ProjectConfigurationPlatforms) = postSolution
		{5668CF39-88D1-410D-BAA2-C662ECAE60EF}.Debug|Any CPU.ActiveCfg = Debug|Any CPU
		{5668CF39-88D1-410D-BAA2-C662ECAE60EF}.Debug|Any CPU.Build.0 = Debug|Any CPU
		{5668CF39-88D1-410D-BAA2-C662ECAE60EF}.Release|Any CPU.ActiveCfg = Release|Any CPU
		{5668CF39-88D1-410D-BAA2-C662ECAE60EF}.Release|Any CPU.Build.0 = Release|Any CPU
	EndGlobalSection
	GlobalSection(SolutionProperties) = preSolution
		HideSolutionNode = FALSE
	EndGlobalSection
	GlobalSection(ExtensibilityGlobals) = postSolution
		SolutionGuid = {8250EFF2-F2DB-49A5-A844-3A880C3BDDB4}
	EndGlobalSection
EndGlobal
